// !$*UTF8*$!
{
	archiveVersion = 1;
	classes = {
	};
	objectVersion = 55;
	objects = {

/* Begin PBXBuildFile section */
		750E82F8286D9C4400B5885F /* UIImageView+.swift in Sources */ = {isa = PBXBuildFile; fileRef = 750E82F7286D9C4400B5885F /* UIImageView+.swift */; };
		750E82FD286D9D2100B5885F /* ImageCollectionViewCell.swift in Sources */ = {isa = PBXBuildFile; fileRef = 750E82FB286D9D2100B5885F /* ImageCollectionViewCell.swift */; };
		750E82FE286D9D2100B5885F /* ImageCollectionViewCell.xib in Resources */ = {isa = PBXBuildFile; fileRef = 750E82FC286D9D2100B5885F /* ImageCollectionViewCell.xib */; };
		750E8300286DB3A800B5885F /* CommunityMemberContainerViewController.swift in Sources */ = {isa = PBXBuildFile; fileRef = 750E82FF286DB3A800B5885F /* CommunityMemberContainerViewController.swift */; };
		75209811286E6CFB000B3F0D /* ImageDetailViewController.swift in Sources */ = {isa = PBXBuildFile; fileRef = 75209810286E6CFB000B3F0D /* ImageDetailViewController.swift */; };
		75A2F905286D5AD100ABA460 /* EditMemberViewController.swift in Sources */ = {isa = PBXBuildFile; fileRef = 75A2F904286D5AD100ABA460 /* EditMemberViewController.swift */; };
		75A2F909286D5FC400ABA460 /* EditMemberTableViewCell.swift in Sources */ = {isa = PBXBuildFile; fileRef = 75A2F907286D5FC400ABA460 /* EditMemberTableViewCell.swift */; };
		75A2F90A286D5FC400ABA460 /* EditMemberTableViewCell.xib in Resources */ = {isa = PBXBuildFile; fileRef = 75A2F908286D5FC400ABA460 /* EditMemberTableViewCell.xib */; };
		75A2F90D286D62E500ABA460 /* Member.swift in Sources */ = {isa = PBXBuildFile; fileRef = 75A2F90C286D62E500ABA460 /* Member.swift */; };
		75CD310C286BFD76005C0283 /* AppDelegate.swift in Sources */ = {isa = PBXBuildFile; fileRef = 75CD310B286BFD76005C0283 /* AppDelegate.swift */; };
		75CD310E286BFD76005C0283 /* SceneDelegate.swift in Sources */ = {isa = PBXBuildFile; fileRef = 75CD310D286BFD76005C0283 /* SceneDelegate.swift */; };
		75CD3110286BFD76005C0283 /* ViewController.swift in Sources */ = {isa = PBXBuildFile; fileRef = 75CD310F286BFD76005C0283 /* ViewController.swift */; };
		75CD3113286BFD76005C0283 /* Main.storyboard in Resources */ = {isa = PBXBuildFile; fileRef = 75CD3111286BFD76005C0283 /* Main.storyboard */; };
		75CD3115286BFD77005C0283 /* Assets.xcassets in Resources */ = {isa = PBXBuildFile; fileRef = 75CD3114286BFD77005C0283 /* Assets.xcassets */; };
		75CD3118286BFD77005C0283 /* LaunchScreen.storyboard in Resources */ = {isa = PBXBuildFile; fileRef = 75CD3116286BFD77005C0283 /* LaunchScreen.storyboard */; };
		75CD3123286BFD77005C0283 /* PhotoAppTests.swift in Sources */ = {isa = PBXBuildFile; fileRef = 75CD3122286BFD77005C0283 /* PhotoAppTests.swift */; };
		75CD312D286BFD77005C0283 /* PhotoAppUITests.swift in Sources */ = {isa = PBXBuildFile; fileRef = 75CD312C286BFD77005C0283 /* PhotoAppUITests.swift */; };
		75CD312F286BFD77005C0283 /* PhotoAppUITestsLaunchTests.swift in Sources */ = {isa = PBXBuildFile; fileRef = 75CD312E286BFD77005C0283 /* PhotoAppUITestsLaunchTests.swift */; };
		75CD313C286BFE0F005C0283 /* WelcomeViewController.swift in Sources */ = {isa = PBXBuildFile; fileRef = 75CD313B286BFE0F005C0283 /* WelcomeViewController.swift */; };
		75CD313E286BFE37005C0283 /* CommunityTopViewController.swift in Sources */ = {isa = PBXBuildFile; fileRef = 75CD313D286BFE37005C0283 /* CommunityTopViewController.swift */; };
		75CD3141286C0423005C0283 /* CommunityMemberViewController.swift in Sources */ = {isa = PBXBuildFile; fileRef = 75CD3140286C0423005C0283 /* CommunityMemberViewController.swift */; };
		75CF4E12286E79840012D18A /* FirebaseAnalytics in Frameworks */ = {isa = PBXBuildFile; productRef = 75CF4E11286E79840012D18A /* FirebaseAnalytics */; };
		75CF4E14286E79840012D18A /* FirebaseAuth in Frameworks */ = {isa = PBXBuildFile; productRef = 75CF4E13286E79840012D18A /* FirebaseAuth */; };
		75CF4E16286E79840012D18A /* FirebaseFirestore in Frameworks */ = {isa = PBXBuildFile; productRef = 75CF4E15286E79840012D18A /* FirebaseFirestore */; };
		75CF4E18286E79840012D18A /* FirebaseStorage in Frameworks */ = {isa = PBXBuildFile; productRef = 75CF4E17286E79840012D18A /* FirebaseStorage */; };
		75CF4E1A286E79840012D18A /* FirebaseStorageCombine-Community in Frameworks */ = {isa = PBXBuildFile; productRef = 75CF4E19286E79840012D18A /* FirebaseStorageCombine-Community */; };
		75CF4E20286E7AC80012D18A /* GoogleService-Info.plist in Resources */ = {isa = PBXBuildFile; fileRef = 75CF4E1F286E7AC80012D18A /* GoogleService-Info.plist */; };
/* End PBXBuildFile section */

/* Begin PBXContainerItemProxy section */
		75CD311F286BFD77005C0283 /* PBXContainerItemProxy */ = {
			isa = PBXContainerItemProxy;
			containerPortal = 75CD3100286BFD76005C0283 /* Project object */;
			proxyType = 1;
			remoteGlobalIDString = 75CD3107286BFD76005C0283;
			remoteInfo = PhotoApp;
		};
		75CD3129286BFD77005C0283 /* PBXContainerItemProxy */ = {
			isa = PBXContainerItemProxy;
			containerPortal = 75CD3100286BFD76005C0283 /* Project object */;
			proxyType = 1;
			remoteGlobalIDString = 75CD3107286BFD76005C0283;
			remoteInfo = PhotoApp;
		};
/* End PBXContainerItemProxy section */

/* Begin PBXFileReference section */
		750E82F7286D9C4400B5885F /* UIImageView+.swift */ = {isa = PBXFileReference; lastKnownFileType = sourcecode.swift; path = "UIImageView+.swift"; sourceTree = "<group>"; };
		750E82FB286D9D2100B5885F /* ImageCollectionViewCell.swift */ = {isa = PBXFileReference; lastKnownFileType = sourcecode.swift; path = ImageCollectionViewCell.swift; sourceTree = "<group>"; };
		750E82FC286D9D2100B5885F /* ImageCollectionViewCell.xib */ = {isa = PBXFileReference; lastKnownFileType = file.xib; path = ImageCollectionViewCell.xib; sourceTree = "<group>"; };
		750E82FF286DB3A800B5885F /* CommunityMemberContainerViewController.swift */ = {isa = PBXFileReference; lastKnownFileType = sourcecode.swift; path = CommunityMemberContainerViewController.swift; sourceTree = "<group>"; };
		75209810286E6CFB000B3F0D /* ImageDetailViewController.swift */ = {isa = PBXFileReference; lastKnownFileType = sourcecode.swift; path = ImageDetailViewController.swift; sourceTree = "<group>"; };
		75A2F904286D5AD100ABA460 /* EditMemberViewController.swift */ = {isa = PBXFileReference; lastKnownFileType = sourcecode.swift; path = EditMemberViewController.swift; sourceTree = "<group>"; };
		75A2F907286D5FC400ABA460 /* EditMemberTableViewCell.swift */ = {isa = PBXFileReference; lastKnownFileType = sourcecode.swift; path = EditMemberTableViewCell.swift; sourceTree = "<group>"; };
		75A2F908286D5FC400ABA460 /* EditMemberTableViewCell.xib */ = {isa = PBXFileReference; lastKnownFileType = file.xib; path = EditMemberTableViewCell.xib; sourceTree = "<group>"; };
		75A2F90C286D62E500ABA460 /* Member.swift */ = {isa = PBXFileReference; lastKnownFileType = sourcecode.swift; path = Member.swift; sourceTree = "<group>"; };
		75CD3108286BFD76005C0283 /* PhotoApp.app */ = {isa = PBXFileReference; explicitFileType = wrapper.application; includeInIndex = 0; path = PhotoApp.app; sourceTree = BUILT_PRODUCTS_DIR; };
		75CD310B286BFD76005C0283 /* AppDelegate.swift */ = {isa = PBXFileReference; lastKnownFileType = sourcecode.swift; path = AppDelegate.swift; sourceTree = "<group>"; };
		75CD310D286BFD76005C0283 /* SceneDelegate.swift */ = {isa = PBXFileReference; lastKnownFileType = sourcecode.swift; path = SceneDelegate.swift; sourceTree = "<group>"; };
		75CD310F286BFD76005C0283 /* ViewController.swift */ = {isa = PBXFileReference; lastKnownFileType = sourcecode.swift; path = ViewController.swift; sourceTree = "<group>"; };
		75CD3112286BFD76005C0283 /* Base */ = {isa = PBXFileReference; lastKnownFileType = file.storyboard; name = Base; path = Base.lproj/Main.storyboard; sourceTree = "<group>"; };
		75CD3114286BFD77005C0283 /* Assets.xcassets */ = {isa = PBXFileReference; lastKnownFileType = folder.assetcatalog; path = Assets.xcassets; sourceTree = "<group>"; };
		75CD3117286BFD77005C0283 /* Base */ = {isa = PBXFileReference; lastKnownFileType = file.storyboard; name = Base; path = Base.lproj/LaunchScreen.storyboard; sourceTree = "<group>"; };
		75CD3119286BFD77005C0283 /* Info.plist */ = {isa = PBXFileReference; lastKnownFileType = text.plist.xml; path = Info.plist; sourceTree = "<group>"; };
		75CD311E286BFD77005C0283 /* PhotoAppTests.xctest */ = {isa = PBXFileReference; explicitFileType = wrapper.cfbundle; includeInIndex = 0; path = PhotoAppTests.xctest; sourceTree = BUILT_PRODUCTS_DIR; };
		75CD3122286BFD77005C0283 /* PhotoAppTests.swift */ = {isa = PBXFileReference; lastKnownFileType = sourcecode.swift; path = PhotoAppTests.swift; sourceTree = "<group>"; };
		75CD3128286BFD77005C0283 /* PhotoAppUITests.xctest */ = {isa = PBXFileReference; explicitFileType = wrapper.cfbundle; includeInIndex = 0; path = PhotoAppUITests.xctest; sourceTree = BUILT_PRODUCTS_DIR; };
		75CD312C286BFD77005C0283 /* PhotoAppUITests.swift */ = {isa = PBXFileReference; lastKnownFileType = sourcecode.swift; path = PhotoAppUITests.swift; sourceTree = "<group>"; };
		75CD312E286BFD77005C0283 /* PhotoAppUITestsLaunchTests.swift */ = {isa = PBXFileReference; lastKnownFileType = sourcecode.swift; path = PhotoAppUITestsLaunchTests.swift; sourceTree = "<group>"; };
		75CD313B286BFE0F005C0283 /* WelcomeViewController.swift */ = {isa = PBXFileReference; lastKnownFileType = sourcecode.swift; path = WelcomeViewController.swift; sourceTree = "<group>"; };
		75CD313D286BFE37005C0283 /* CommunityTopViewController.swift */ = {isa = PBXFileReference; lastKnownFileType = sourcecode.swift; path = CommunityTopViewController.swift; sourceTree = "<group>"; };
		75CD3140286C0423005C0283 /* CommunityMemberViewController.swift */ = {isa = PBXFileReference; lastKnownFileType = sourcecode.swift; path = CommunityMemberViewController.swift; sourceTree = "<group>"; };
		75CF4E1F286E7AC80012D18A /* GoogleService-Info.plist */ = {isa = PBXFileReference; fileEncoding = 4; lastKnownFileType = text.plist.xml; path = "GoogleService-Info.plist"; sourceTree = "<group>"; };
/* End PBXFileReference section */

/* Begin PBXFrameworksBuildPhase section */
		75CD3105286BFD76005C0283 /* Frameworks */ = {
			isa = PBXFrameworksBuildPhase;
			buildActionMask = 2147483647;
			files = (
				75CF4E12286E79840012D18A /* FirebaseAnalytics in Frameworks */,
				75CF4E18286E79840012D18A /* FirebaseStorage in Frameworks */,
				75CF4E1A286E79840012D18A /* FirebaseStorageCombine-Community in Frameworks */,
				75CF4E14286E79840012D18A /* FirebaseAuth in Frameworks */,
				75CF4E16286E79840012D18A /* FirebaseFirestore in Frameworks */,
			);
			runOnlyForDeploymentPostprocessing = 0;
		};
		75CD311B286BFD77005C0283 /* Frameworks */ = {
			isa = PBXFrameworksBuildPhase;
			buildActionMask = 2147483647;
			files = (
			);
			runOnlyForDeploymentPostprocessing = 0;
		};
		75CD3125286BFD77005C0283 /* Frameworks */ = {
			isa = PBXFrameworksBuildPhase;
			buildActionMask = 2147483647;
			files = (
			);
			runOnlyForDeploymentPostprocessing = 0;
		};
/* End PBXFrameworksBuildPhase section */

/* Begin PBXGroup section */
		750E82F6286D9C3600B5885F /* SupportFile */ = {
			isa = PBXGroup;
			children = (
				750E82F7286D9C4400B5885F /* UIImageView+.swift */,
			);
			path = SupportFile;
			sourceTree = "<group>";
		};
		75A2F906286D5FA900ABA460 /* Cell */ = {
			isa = PBXGroup;
			children = (
				75A2F907286D5FC400ABA460 /* EditMemberTableViewCell.swift */,
				75A2F908286D5FC400ABA460 /* EditMemberTableViewCell.xib */,
				750E82FB286D9D2100B5885F /* ImageCollectionViewCell.swift */,
				750E82FC286D9D2100B5885F /* ImageCollectionViewCell.xib */,
			);
			path = Cell;
			sourceTree = "<group>";
		};
		75A2F90B286D62DA00ABA460 /* Model */ = {
			isa = PBXGroup;
			children = (
				75A2F90C286D62E500ABA460 /* Member.swift */,
			);
			path = Model;
			sourceTree = "<group>";
		};
		75CD30FF286BFD76005C0283 = {
			isa = PBXGroup;
			children = (
				75CD310A286BFD76005C0283 /* PhotoApp */,
				75CD3121286BFD77005C0283 /* PhotoAppTests */,
				75CD312B286BFD77005C0283 /* PhotoAppUITests */,
				75CD3109286BFD76005C0283 /* Products */,
			);
			sourceTree = "<group>";
		};
		75CD3109286BFD76005C0283 /* Products */ = {
			isa = PBXGroup;
			children = (
				75CD3108286BFD76005C0283 /* PhotoApp.app */,
				75CD311E286BFD77005C0283 /* PhotoAppTests.xctest */,
				75CD3128286BFD77005C0283 /* PhotoAppUITests.xctest */,
			);
			name = Products;
			sourceTree = "<group>";
		};
		75CD310A286BFD76005C0283 /* PhotoApp */ = {
			isa = PBXGroup;
			children = (
				75CF4E1F286E7AC80012D18A /* GoogleService-Info.plist */,
				750E82F6286D9C3600B5885F /* SupportFile */,
				75A2F90B286D62DA00ABA460 /* Model */,
				75A2F906286D5FA900ABA460 /* Cell */,
				75CD313F286C03D2005C0283 /* Controller */,
				75CD310B286BFD76005C0283 /* AppDelegate.swift */,
				75CD310D286BFD76005C0283 /* SceneDelegate.swift */,
				75CD310F286BFD76005C0283 /* ViewController.swift */,
				75CD3111286BFD76005C0283 /* Main.storyboard */,
				75CD3114286BFD77005C0283 /* Assets.xcassets */,
				75CD3116286BFD77005C0283 /* LaunchScreen.storyboard */,
				75CD3119286BFD77005C0283 /* Info.plist */,
			);
			path = PhotoApp;
			sourceTree = "<group>";
		};
		75CD3121286BFD77005C0283 /* PhotoAppTests */ = {
			isa = PBXGroup;
			children = (
				75CD3122286BFD77005C0283 /* PhotoAppTests.swift */,
			);
			path = PhotoAppTests;
			sourceTree = "<group>";
		};
		75CD312B286BFD77005C0283 /* PhotoAppUITests */ = {
			isa = PBXGroup;
			children = (
				75CD312C286BFD77005C0283 /* PhotoAppUITests.swift */,
				75CD312E286BFD77005C0283 /* PhotoAppUITestsLaunchTests.swift */,
			);
			path = PhotoAppUITests;
			sourceTree = "<group>";
		};
		75CD313F286C03D2005C0283 /* Controller */ = {
			isa = PBXGroup;
			children = (
				75CD313B286BFE0F005C0283 /* WelcomeViewController.swift */,
				75CD313D286BFE37005C0283 /* CommunityTopViewController.swift */,
				75CD3140286C0423005C0283 /* CommunityMemberViewController.swift */,
				75A2F904286D5AD100ABA460 /* EditMemberViewController.swift */,
				750E82FF286DB3A800B5885F /* CommunityMemberContainerViewController.swift */,
				75209810286E6CFB000B3F0D /* ImageDetailViewController.swift */,
			);
			path = Controller;
			sourceTree = "<group>";
		};
/* End PBXGroup section */

/* Begin PBXNativeTarget section */
		75CD3107286BFD76005C0283 /* PhotoApp */ = {
			isa = PBXNativeTarget;
			buildConfigurationList = 75CD3132286BFD77005C0283 /* Build configuration list for PBXNativeTarget "PhotoApp" */;
			buildPhases = (
				75CD3104286BFD76005C0283 /* Sources */,
				75CD3105286BFD76005C0283 /* Frameworks */,
				75CD3106286BFD76005C0283 /* Resources */,
			);
			buildRules = (
			);
			dependencies = (
			);
			name = PhotoApp;
			packageProductDependencies = (
				75CF4E11286E79840012D18A /* FirebaseAnalytics */,
				75CF4E13286E79840012D18A /* FirebaseAuth */,
				75CF4E15286E79840012D18A /* FirebaseFirestore */,
				75CF4E17286E79840012D18A /* FirebaseStorage */,
				75CF4E19286E79840012D18A /* FirebaseStorageCombine-Community */,
			);
			productName = PhotoApp;
			productReference = 75CD3108286BFD76005C0283 /* PhotoApp.app */;
			productType = "com.apple.product-type.application";
		};
		75CD311D286BFD77005C0283 /* PhotoAppTests */ = {
			isa = PBXNativeTarget;
			buildConfigurationList = 75CD3135286BFD77005C0283 /* Build configuration list for PBXNativeTarget "PhotoAppTests" */;
			buildPhases = (
				75CD311A286BFD77005C0283 /* Sources */,
				75CD311B286BFD77005C0283 /* Frameworks */,
				75CD311C286BFD77005C0283 /* Resources */,
			);
			buildRules = (
			);
			dependencies = (
				75CD3120286BFD77005C0283 /* PBXTargetDependency */,
			);
			name = PhotoAppTests;
			productName = PhotoAppTests;
			productReference = 75CD311E286BFD77005C0283 /* PhotoAppTests.xctest */;
			productType = "com.apple.product-type.bundle.unit-test";
		};
		75CD3127286BFD77005C0283 /* PhotoAppUITests */ = {
			isa = PBXNativeTarget;
			buildConfigurationList = 75CD3138286BFD77005C0283 /* Build configuration list for PBXNativeTarget "PhotoAppUITests" */;
			buildPhases = (
				75CD3124286BFD77005C0283 /* Sources */,
				75CD3125286BFD77005C0283 /* Frameworks */,
				75CD3126286BFD77005C0283 /* Resources */,
			);
			buildRules = (
			);
			dependencies = (
				75CD312A286BFD77005C0283 /* PBXTargetDependency */,
			);
			name = PhotoAppUITests;
			productName = PhotoAppUITests;
			productReference = 75CD3128286BFD77005C0283 /* PhotoAppUITests.xctest */;
			productType = "com.apple.product-type.bundle.ui-testing";
		};
/* End PBXNativeTarget section */

/* Begin PBXProject section */
		75CD3100286BFD76005C0283 /* Project object */ = {
			isa = PBXProject;
			attributes = {
				BuildIndependentTargetsInParallel = 1;
				LastSwiftUpdateCheck = 1340;
				LastUpgradeCheck = 1340;
				TargetAttributes = {
					75CD3107286BFD76005C0283 = {
						CreatedOnToolsVersion = 13.4.1;
					};
					75CD311D286BFD77005C0283 = {
						CreatedOnToolsVersion = 13.4.1;
						TestTargetID = 75CD3107286BFD76005C0283;
					};
					75CD3127286BFD77005C0283 = {
						CreatedOnToolsVersion = 13.4.1;
						TestTargetID = 75CD3107286BFD76005C0283;
					};
				};
			};
			buildConfigurationList = 75CD3103286BFD76005C0283 /* Build configuration list for PBXProject "PhotoApp" */;
			compatibilityVersion = "Xcode 13.0";
			developmentRegion = en;
			hasScannedForEncodings = 0;
			knownRegions = (
				en,
				Base,
			);
			mainGroup = 75CD30FF286BFD76005C0283;
			packageReferences = (
				75CF4E10286E79840012D18A /* XCRemoteSwiftPackageReference "firebase-ios-sdk" */,
			);
			productRefGroup = 75CD3109286BFD76005C0283 /* Products */;
			projectDirPath = "";
			projectRoot = "";
			targets = (
				75CD3107286BFD76005C0283 /* PhotoApp */,
				75CD311D286BFD77005C0283 /* PhotoAppTests */,
				75CD3127286BFD77005C0283 /* PhotoAppUITests */,
			);
		};
/* End PBXProject section */

/* Begin PBXResourcesBuildPhase section */
		75CD3106286BFD76005C0283 /* Resources */ = {
			isa = PBXResourcesBuildPhase;
			buildActionMask = 2147483647;
			files = (
				750E82FE286D9D2100B5885F /* ImageCollectionViewCell.xib in Resources */,
				75CD3118286BFD77005C0283 /* LaunchScreen.storyboard in Resources */,
				75A2F90A286D5FC400ABA460 /* EditMemberTableViewCell.xib in Resources */,
				75CD3115286BFD77005C0283 /* Assets.xcassets in Resources */,
				75CD3113286BFD76005C0283 /* Main.storyboard in Resources */,
				75CF4E20286E7AC80012D18A /* GoogleService-Info.plist in Resources */,
			);
			runOnlyForDeploymentPostprocessing = 0;
		};
		75CD311C286BFD77005C0283 /* Resources */ = {
			isa = PBXResourcesBuildPhase;
			buildActionMask = 2147483647;
			files = (
			);
			runOnlyForDeploymentPostprocessing = 0;
		};
		75CD3126286BFD77005C0283 /* Resources */ = {
			isa = PBXResourcesBuildPhase;
			buildActionMask = 2147483647;
			files = (
			);
			runOnlyForDeploymentPostprocessing = 0;
		};
/* End PBXResourcesBuildPhase section */

/* Begin PBXSourcesBuildPhase section */
		75CD3104286BFD76005C0283 /* Sources */ = {
			isa = PBXSourcesBuildPhase;
			buildActionMask = 2147483647;
			files = (
				75A2F905286D5AD100ABA460 /* EditMemberViewController.swift in Sources */,
				75209811286E6CFB000B3F0D /* ImageDetailViewController.swift in Sources */,
				75A2F909286D5FC400ABA460 /* EditMemberTableViewCell.swift in Sources */,
				75CD3110286BFD76005C0283 /* ViewController.swift in Sources */,
				75CD313E286BFE37005C0283 /* CommunityTopViewController.swift in Sources */,
				750E82FD286D9D2100B5885F /* ImageCollectionViewCell.swift in Sources */,
				750E82F8286D9C4400B5885F /* UIImageView+.swift in Sources */,
				750E8300286DB3A800B5885F /* CommunityMemberContainerViewController.swift in Sources */,
				75A2F90D286D62E500ABA460 /* Member.swift in Sources */,
				75CD3141286C0423005C0283 /* CommunityMemberViewController.swift in Sources */,
				75CD313C286BFE0F005C0283 /* WelcomeViewController.swift in Sources */,
				75CD310C286BFD76005C0283 /* AppDelegate.swift in Sources */,
				75CD310E286BFD76005C0283 /* SceneDelegate.swift in Sources */,
			);
			runOnlyForDeploymentPostprocessing = 0;
		};
		75CD311A286BFD77005C0283 /* Sources */ = {
			isa = PBXSourcesBuildPhase;
			buildActionMask = 2147483647;
			files = (
				75CD3123286BFD77005C0283 /* PhotoAppTests.swift in Sources */,
			);
			runOnlyForDeploymentPostprocessing = 0;
		};
		75CD3124286BFD77005C0283 /* Sources */ = {
			isa = PBXSourcesBuildPhase;
			buildActionMask = 2147483647;
			files = (
				75CD312F286BFD77005C0283 /* PhotoAppUITestsLaunchTests.swift in Sources */,
				75CD312D286BFD77005C0283 /* PhotoAppUITests.swift in Sources */,
			);
			runOnlyForDeploymentPostprocessing = 0;
		};
/* End PBXSourcesBuildPhase section */

/* Begin PBXTargetDependency section */
		75CD3120286BFD77005C0283 /* PBXTargetDependency */ = {
			isa = PBXTargetDependency;
			target = 75CD3107286BFD76005C0283 /* PhotoApp */;
			targetProxy = 75CD311F286BFD77005C0283 /* PBXContainerItemProxy */;
		};
		75CD312A286BFD77005C0283 /* PBXTargetDependency */ = {
			isa = PBXTargetDependency;
			target = 75CD3107286BFD76005C0283 /* PhotoApp */;
			targetProxy = 75CD3129286BFD77005C0283 /* PBXContainerItemProxy */;
		};
/* End PBXTargetDependency section */

/* Begin PBXVariantGroup section */
		75CD3111286BFD76005C0283 /* Main.storyboard */ = {
			isa = PBXVariantGroup;
			children = (
				75CD3112286BFD76005C0283 /* Base */,
			);
			name = Main.storyboard;
			sourceTree = "<group>";
		};
		75CD3116286BFD77005C0283 /* LaunchScreen.storyboard */ = {
			isa = PBXVariantGroup;
			children = (
				75CD3117286BFD77005C0283 /* Base */,
			);
			name = LaunchScreen.storyboard;
			sourceTree = "<group>";
		};
/* End PBXVariantGroup section */

/* Begin XCBuildConfiguration section */
		75CD3130286BFD77005C0283 /* Debug */ = {
			isa = XCBuildConfiguration;
			buildSettings = {
				ALWAYS_SEARCH_USER_PATHS = NO;
				CLANG_ANALYZER_NONNULL = YES;
				CLANG_ANALYZER_NUMBER_OBJECT_CONVERSION = YES_AGGRESSIVE;
				CLANG_CXX_LANGUAGE_STANDARD = "gnu++17";
				CLANG_ENABLE_MODULES = YES;
				CLANG_ENABLE_OBJC_ARC = YES;
				CLANG_ENABLE_OBJC_WEAK = YES;
				CLANG_WARN_BLOCK_CAPTURE_AUTORELEASING = YES;
				CLANG_WARN_BOOL_CONVERSION = YES;
				CLANG_WARN_COMMA = YES;
				CLANG_WARN_CONSTANT_CONVERSION = YES;
				CLANG_WARN_DEPRECATED_OBJC_IMPLEMENTATIONS = YES;
				CLANG_WARN_DIRECT_OBJC_ISA_USAGE = YES_ERROR;
				CLANG_WARN_DOCUMENTATION_COMMENTS = YES;
				CLANG_WARN_EMPTY_BODY = YES;
				CLANG_WARN_ENUM_CONVERSION = YES;
				CLANG_WARN_INFINITE_RECURSION = YES;
				CLANG_WARN_INT_CONVERSION = YES;
				CLANG_WARN_NON_LITERAL_NULL_CONVERSION = YES;
				CLANG_WARN_OBJC_IMPLICIT_RETAIN_SELF = YES;
				CLANG_WARN_OBJC_LITERAL_CONVERSION = YES;
				CLANG_WARN_OBJC_ROOT_CLASS = YES_ERROR;
				CLANG_WARN_QUOTED_INCLUDE_IN_FRAMEWORK_HEADER = YES;
				CLANG_WARN_RANGE_LOOP_ANALYSIS = YES;
				CLANG_WARN_STRICT_PROTOTYPES = YES;
				CLANG_WARN_SUSPICIOUS_MOVE = YES;
				CLANG_WARN_UNGUARDED_AVAILABILITY = YES_AGGRESSIVE;
				CLANG_WARN_UNREACHABLE_CODE = YES;
				CLANG_WARN__DUPLICATE_METHOD_MATCH = YES;
				COPY_PHASE_STRIP = NO;
				DEBUG_INFORMATION_FORMAT = dwarf;
				ENABLE_STRICT_OBJC_MSGSEND = YES;
				ENABLE_TESTABILITY = YES;
				GCC_C_LANGUAGE_STANDARD = gnu11;
				GCC_DYNAMIC_NO_PIC = NO;
				GCC_NO_COMMON_BLOCKS = YES;
				GCC_OPTIMIZATION_LEVEL = 0;
				GCC_PREPROCESSOR_DEFINITIONS = (
					"DEBUG=1",
					"$(inherited)",
				);
				GCC_WARN_64_TO_32_BIT_CONVERSION = YES;
				GCC_WARN_ABOUT_RETURN_TYPE = YES_ERROR;
				GCC_WARN_UNDECLARED_SELECTOR = YES;
				GCC_WARN_UNINITIALIZED_AUTOS = YES_AGGRESSIVE;
				GCC_WARN_UNUSED_FUNCTION = YES;
				GCC_WARN_UNUSED_VARIABLE = YES;
				IPHONEOS_DEPLOYMENT_TARGET = 15.5;
				MTL_ENABLE_DEBUG_INFO = INCLUDE_SOURCE;
				MTL_FAST_MATH = YES;
				ONLY_ACTIVE_ARCH = YES;
				SDKROOT = iphoneos;
				SWIFT_ACTIVE_COMPILATION_CONDITIONS = DEBUG;
				SWIFT_OPTIMIZATION_LEVEL = "-Onone";
			};
			name = Debug;
		};
		75CD3131286BFD77005C0283 /* Release */ = {
			isa = XCBuildConfiguration;
			buildSettings = {
				ALWAYS_SEARCH_USER_PATHS = NO;
				CLANG_ANALYZER_NONNULL = YES;
				CLANG_ANALYZER_NUMBER_OBJECT_CONVERSION = YES_AGGRESSIVE;
				CLANG_CXX_LANGUAGE_STANDARD = "gnu++17";
				CLANG_ENABLE_MODULES = YES;
				CLANG_ENABLE_OBJC_ARC = YES;
				CLANG_ENABLE_OBJC_WEAK = YES;
				CLANG_WARN_BLOCK_CAPTURE_AUTORELEASING = YES;
				CLANG_WARN_BOOL_CONVERSION = YES;
				CLANG_WARN_COMMA = YES;
				CLANG_WARN_CONSTANT_CONVERSION = YES;
				CLANG_WARN_DEPRECATED_OBJC_IMPLEMENTATIONS = YES;
				CLANG_WARN_DIRECT_OBJC_ISA_USAGE = YES_ERROR;
				CLANG_WARN_DOCUMENTATION_COMMENTS = YES;
				CLANG_WARN_EMPTY_BODY = YES;
				CLANG_WARN_ENUM_CONVERSION = YES;
				CLANG_WARN_INFINITE_RECURSION = YES;
				CLANG_WARN_INT_CONVERSION = YES;
				CLANG_WARN_NON_LITERAL_NULL_CONVERSION = YES;
				CLANG_WARN_OBJC_IMPLICIT_RETAIN_SELF = YES;
				CLANG_WARN_OBJC_LITERAL_CONVERSION = YES;
				CLANG_WARN_OBJC_ROOT_CLASS = YES_ERROR;
				CLANG_WARN_QUOTED_INCLUDE_IN_FRAMEWORK_HEADER = YES;
				CLANG_WARN_RANGE_LOOP_ANALYSIS = YES;
				CLANG_WARN_STRICT_PROTOTYPES = YES;
				CLANG_WARN_SUSPICIOUS_MOVE = YES;
				CLANG_WARN_UNGUARDED_AVAILABILITY = YES_AGGRESSIVE;
				CLANG_WARN_UNREACHABLE_CODE = YES;
				CLANG_WARN__DUPLICATE_METHOD_MATCH = YES;
				COPY_PHASE_STRIP = NO;
				DEBUG_INFORMATION_FORMAT = "dwarf-with-dsym";
				ENABLE_NS_ASSERTIONS = NO;
				ENABLE_STRICT_OBJC_MSGSEND = YES;
				GCC_C_LANGUAGE_STANDARD = gnu11;
				GCC_NO_COMMON_BLOCKS = YES;
				GCC_WARN_64_TO_32_BIT_CONVERSION = YES;
				GCC_WARN_ABOUT_RETURN_TYPE = YES_ERROR;
				GCC_WARN_UNDECLARED_SELECTOR = YES;
				GCC_WARN_UNINITIALIZED_AUTOS = YES_AGGRESSIVE;
				GCC_WARN_UNUSED_FUNCTION = YES;
				GCC_WARN_UNUSED_VARIABLE = YES;
				IPHONEOS_DEPLOYMENT_TARGET = 15.5;
				MTL_ENABLE_DEBUG_INFO = NO;
				MTL_FAST_MATH = YES;
				SDKROOT = iphoneos;
				SWIFT_COMPILATION_MODE = wholemodule;
				SWIFT_OPTIMIZATION_LEVEL = "-O";
				VALIDATE_PRODUCT = YES;
			};
			name = Release;
		};
		75CD3133286BFD77005C0283 /* Debug */ = {
			isa = XCBuildConfiguration;
			buildSettings = {
				ASSETCATALOG_COMPILER_APPICON_NAME = AppIcon;
				ASSETCATALOG_COMPILER_GLOBAL_ACCENT_COLOR_NAME = AccentColor;
				CODE_SIGN_STYLE = Automatic;
				CURRENT_PROJECT_VERSION = 1;
				GENERATE_INFOPLIST_FILE = YES;
				INFOPLIST_FILE = PhotoApp/Info.plist;
				INFOPLIST_KEY_NSPhotoLibraryUsageDescription = "カメラロールにアクセスしますか？";
				INFOPLIST_KEY_UIApplicationSupportsIndirectInputEvents = YES;
				INFOPLIST_KEY_UILaunchStoryboardName = LaunchScreen;
				INFOPLIST_KEY_UIMainStoryboardFile = Main;
				INFOPLIST_KEY_UISupportedInterfaceOrientations_iPad = "UIInterfaceOrientationPortrait UIInterfaceOrientationPortraitUpsideDown UIInterfaceOrientationLandscapeLeft UIInterfaceOrientationLandscapeRight";
				INFOPLIST_KEY_UISupportedInterfaceOrientations_iPhone = "UIInterfaceOrientationPortrait UIInterfaceOrientationLandscapeLeft UIInterfaceOrientationLandscapeRight";
				LD_RUNPATH_SEARCH_PATHS = (
					"$(inherited)",
					"@executable_path/Frameworks",
				);
				MARKETING_VERSION = 1.0;
				OTHER_LDFLAGS = "-ObjC";
				PRODUCT_BUNDLE_IDENTIFIER = tech.gassi.PhotoApp;
				PRODUCT_NAME = "$(TARGET_NAME)";
				SWIFT_EMIT_LOC_STRINGS = YES;
				SWIFT_VERSION = 5.0;
				TARGETED_DEVICE_FAMILY = "1,2";
			};
			name = Debug;
		};
		75CD3134286BFD77005C0283 /* Release */ = {
			isa = XCBuildConfiguration;
			buildSettings = {
				ASSETCATALOG_COMPILER_APPICON_NAME = AppIcon;
				ASSETCATALOG_COMPILER_GLOBAL_ACCENT_COLOR_NAME = AccentColor;
				CODE_SIGN_STYLE = Automatic;
				CURRENT_PROJECT_VERSION = 1;
				GENERATE_INFOPLIST_FILE = YES;
				INFOPLIST_FILE = PhotoApp/Info.plist;
				INFOPLIST_KEY_NSPhotoLibraryUsageDescription = "カメラロールにアクセスしますか？";
				INFOPLIST_KEY_UIApplicationSupportsIndirectInputEvents = YES;
				INFOPLIST_KEY_UILaunchStoryboardName = LaunchScreen;
				INFOPLIST_KEY_UIMainStoryboardFile = Main;
				INFOPLIST_KEY_UISupportedInterfaceOrientations_iPad = "UIInterfaceOrientationPortrait UIInterfaceOrientationPortraitUpsideDown UIInterfaceOrientationLandscapeLeft UIInterfaceOrientationLandscapeRight";
				INFOPLIST_KEY_UISupportedInterfaceOrientations_iPhone = "UIInterfaceOrientationPortrait UIInterfaceOrientationLandscapeLeft UIInterfaceOrientationLandscapeRight";
				LD_RUNPATH_SEARCH_PATHS = (
					"$(inherited)",
					"@executable_path/Frameworks",
				);
				MARKETING_VERSION = 1.0;
				OTHER_LDFLAGS = "-ObjC";
				PRODUCT_BUNDLE_IDENTIFIER = tech.gassi.PhotoApp;
				PRODUCT_NAME = "$(TARGET_NAME)";
				SWIFT_EMIT_LOC_STRINGS = YES;
				SWIFT_VERSION = 5.0;
				TARGETED_DEVICE_FAMILY = "1,2";
			};
			name = Release;
		};
		75CD3136286BFD77005C0283 /* Debug */ = {
			isa = XCBuildConfiguration;
			buildSettings = {
				ALWAYS_EMBED_SWIFT_STANDARD_LIBRARIES = YES;
				BUNDLE_LOADER = "$(TEST_HOST)";
				CODE_SIGN_STYLE = Automatic;
				CURRENT_PROJECT_VERSION = 1;
				GENERATE_INFOPLIST_FILE = YES;
				IPHONEOS_DEPLOYMENT_TARGET = 15.5;
				MARKETING_VERSION = 1.0;
				PRODUCT_BUNDLE_IDENTIFIER = tech.gassi.PhotoAppTests;
				PRODUCT_NAME = "$(TARGET_NAME)";
				SWIFT_EMIT_LOC_STRINGS = NO;
				SWIFT_VERSION = 5.0;
				TARGETED_DEVICE_FAMILY = "1,2";
				TEST_HOST = "$(BUILT_PRODUCTS_DIR)/PhotoApp.app/PhotoApp";
			};
			name = Debug;
		};
		75CD3137286BFD77005C0283 /* Release */ = {
			isa = XCBuildConfiguration;
			buildSettings = {
				ALWAYS_EMBED_SWIFT_STANDARD_LIBRARIES = YES;
				BUNDLE_LOADER = "$(TEST_HOST)";
				CODE_SIGN_STYLE = Automatic;
				CURRENT_PROJECT_VERSION = 1;
				GENERATE_INFOPLIST_FILE = YES;
				IPHONEOS_DEPLOYMENT_TARGET = 15.5;
				MARKETING_VERSION = 1.0;
				PRODUCT_BUNDLE_IDENTIFIER = tech.gassi.PhotoAppTests;
				PRODUCT_NAME = "$(TARGET_NAME)";
				SWIFT_EMIT_LOC_STRINGS = NO;
				SWIFT_VERSION = 5.0;
				TARGETED_DEVICE_FAMILY = "1,2";
				TEST_HOST = "$(BUILT_PRODUCTS_DIR)/PhotoApp.app/PhotoApp";
			};
			name = Release;
		};
		75CD3139286BFD77005C0283 /* Debug */ = {
			isa = XCBuildConfiguration;
			buildSettings = {
				ALWAYS_EMBED_SWIFT_STANDARD_LIBRARIES = YES;
				CODE_SIGN_STYLE = Automatic;
				CURRENT_PROJECT_VERSION = 1;
				GENERATE_INFOPLIST_FILE = YES;
				MARKETING_VERSION = 1.0;
				PRODUCT_BUNDLE_IDENTIFIER = tech.gassi.PhotoAppUITests;
				PRODUCT_NAME = "$(TARGET_NAME)";
				SWIFT_EMIT_LOC_STRINGS = NO;
				SWIFT_VERSION = 5.0;
				TARGETED_DEVICE_FAMILY = "1,2";
				TEST_TARGET_NAME = PhotoApp;
			};
			name = Debug;
		};
		75CD313A286BFD77005C0283 /* Release */ = {
			isa = XCBuildConfiguration;
			buildSettings = {
				ALWAYS_EMBED_SWIFT_STANDARD_LIBRARIES = YES;
				CODE_SIGN_STYLE = Automatic;
				CURRENT_PROJECT_VERSION = 1;
				GENERATE_INFOPLIST_FILE = YES;
				MARKETING_VERSION = 1.0;
				PRODUCT_BUNDLE_IDENTIFIER = tech.gassi.PhotoAppUITests;
				PRODUCT_NAME = "$(TARGET_NAME)";
				SWIFT_EMIT_LOC_STRINGS = NO;
				SWIFT_VERSION = 5.0;
				TARGETED_DEVICE_FAMILY = "1,2";
				TEST_TARGET_NAME = PhotoApp;
			};
			name = Release;
		};
/* End XCBuildConfiguration section */

/* Begin XCConfigurationList section */
		75CD3103286BFD76005C0283 /* Build configuration list for PBXProject "PhotoApp" */ = {
			isa = XCConfigurationList;
			buildConfigurations = (
				75CD3130286BFD77005C0283 /* Debug */,
				75CD3131286BFD77005C0283 /* Release */,
			);
			defaultConfigurationIsVisible = 0;
			defaultConfigurationName = Release;
		};
		75CD3132286BFD77005C0283 /* Build configuration list for PBXNativeTarget "PhotoApp" */ = {
			isa = XCConfigurationList;
			buildConfigurations = (
				75CD3133286BFD77005C0283 /* Debug */,
				75CD3134286BFD77005C0283 /* Release */,
			);
			defaultConfigurationIsVisible = 0;
			defaultConfigurationName = Release;
		};
		75CD3135286BFD77005C0283 /* Build configuration list for PBXNativeTarget "PhotoAppTests" */ = {
			isa = XCConfigurationList;
			buildConfigurations = (
				75CD3136286BFD77005C0283 /* Debug */,
				75CD3137286BFD77005C0283 /* Release */,
			);
			defaultConfigurationIsVisible = 0;
			defaultConfigurationName = Release;
		};
		75CD3138286BFD77005C0283 /* Build configuration list for PBXNativeTarget "PhotoAppUITests" */ = {
			isa = XCConfigurationList;
			buildConfigurations = (
				75CD3139286BFD77005C0283 /* Debug */,
				75CD313A286BFD77005C0283 /* Release */,
			);
			defaultConfigurationIsVisible = 0;
			defaultConfigurationName = Release;
		};
/* End XCConfigurationList section */

/* Begin XCRemoteSwiftPackageReference section */
		75CF4E10286E79840012D18A /* XCRemoteSwiftPackageReference "firebase-ios-sdk" */ = {
			isa = XCRemoteSwiftPackageReference;
			repositoryURL = "https://github.com/firebase/firebase-ios-sdk.git";
			requirement = {
				kind = upToNextMajorVersion;
				minimumVersion = 8.0.0;
			};
		};
/* End XCRemoteSwiftPackageReference section */

/* Begin XCSwiftPackageProductDependency section */
		75CF4E11286E79840012D18A /* FirebaseAnalytics */ = {
			isa = XCSwiftPackageProductDependency;
			package = 75CF4E10286E79840012D18A /* XCRemoteSwiftPackageReference "firebase-ios-sdk" */;
			productName = FirebaseAnalytics;
		};
		75CF4E13286E79840012D18A /* FirebaseAuth */ = {
			isa = XCSwiftPackageProductDependency;
			package = 75CF4E10286E79840012D18A /* XCRemoteSwiftPackageReference "firebase-ios-sdk" */;
			productName = FirebaseAuth;
		};
		75CF4E15286E79840012D18A /* FirebaseFirestore */ = {
			isa = XCSwiftPackageProductDependency;
			package = 75CF4E10286E79840012D18A /* XCRemoteSwiftPackageReference "firebase-ios-sdk" */;
			productName = FirebaseFirestore;
		};
		75CF4E17286E79840012D18A /* FirebaseStorage */ = {
			isa = XCSwiftPackageProductDependency;
			package = 75CF4E10286E79840012D18A /* XCRemoteSwiftPackageReference "firebase-ios-sdk" */;
			productName = FirebaseStorage;
		};
		75CF4E19286E79840012D18A /* FirebaseStorageCombine-Community */ = {
			isa = XCSwiftPackageProductDependency;
			package = 75CF4E10286E79840012D18A /* XCRemoteSwiftPackageReference "firebase-ios-sdk" */;
			productName = "FirebaseStorageCombine-Community";
		};
/* End XCSwiftPackageProductDependency section */
	};
	rootObject = 75CD3100286BFD76005C0283 /* Project object */;
}
